
Microsoft Visual Studio Solution File, Format Version 12.00
# Visual Studio 2013
VisualStudioVersion = 12.0.31101.0
MinimumVisualStudioVersion = 10.0.40219.1
Project("{FAE04EC0-301F-11D3-BF4B-00C04F79EFBC}") = "RegionEditor", "RegionEditor\RegionEditor.csproj", "{7F35AF79-ACCE-4B44-9276-8531D37DFF85}"
EndProject
Project("{FAE04EC0-301F-11D3-BF4B-00C04F79EFBC}") = "pwAPI", "D:\pwAPI\pwAPI\pwAPI.csproj", "{A968EA08-ABE0-4562-857C-E68926B2EEA7}"
EndProject
Global
	GlobalSection(SolutionConfigurationPlatforms) = preSolution
		Debug|Any CPU = Debug|Any CPU
		Release|Any CPU = Release|Any CPU
	EndGlobalSection
	GlobalSection(ProjectConfigurationPlatforms) = postSolution
		{7F35AF79-ACCE-4B44-9276-8531D37DFF85}.Debug|Any CPU.ActiveCfg = Debug|Any CPU
		{7F35AF79-ACCE-4B44-9276-8531D37DFF85}.Debug|Any CPU.Build.0 = Debug|Any CPU
		{7F35AF79-ACCE-4B44-9276-8531D37DFF85}.Release|Any CPU.ActiveCfg = Release|Any CPU
		{7F35AF79-ACCE-4B44-9276-8531D37DFF85}.Release|Any CPU.Build.0 = Release|Any CPU
		{A968EA08-ABE0-4562-857C-E68926B2EEA7}.Debug|Any CPU.ActiveCfg = Debug|Any CPU
		{A968EA08-ABE0-4562-857C-E68926B2EEA7}.Debug|Any CPU.Build.0 = Debug|Any CPU
		{A968EA08-ABE0-4562-857C-E68926B2EEA7}.Release|Any CPU.ActiveCfg = Release|Any CPU
		{A968EA08-ABE0-4562-857C-E68926B2EEA7}.Release|Any CPU.Build.0 = Release|Any CPU
	EndGlobalSection
	GlobalSection(SolutionProperties) = preSolution
		HideSolutionNode = FALSE
	EndGlobalSection
EndGlobal
